// !$*UTF8*$!
{
	archiveVersion = 1;
	classes = {
	};
	objectVersion = 77;
	objects = {

/* Begin PBXBuildFile section */
		A2AE4ED02DEF6B4700BAE728 /* KeyboardShortcuts in Frameworks */ = {isa = PBXBuildFile; productRef = A2AE4ECF2DEF6B4700BAE728 /* KeyboardShortcuts */; };
		A2AF92042DED908C007B35D6 /* OpenAI in Frameworks */ = {isa = PBXBuildFile; productRef = A2AF92032DED908C007B35D6 /* OpenAI */; };
		A2AF92072DED90AD007B35D6 /* Sparkle in Frameworks */ = {isa = PBXBuildFile; productRef = A2AF92062DED90AD007B35D6 /* Sparkle */; };
/* End PBXBuildFile section */

/* Begin PBXContainerItemProxy section */
		A2AF91C52DED8762007B35D6 /* PBXContainerItemProxy */ = {
			isa = PBXContainerItemProxy;
			containerPortal = A2AF91A92DED875D007B35D6 /* Project object */;
			proxyType = 1;
			remoteGlobalIDString = A2AF91B02DED875D007B35D6;
			remoteInfo = Justsayit;
		};
		A2AF91CF2DED8762007B35D6 /* PBXContainerItemProxy */ = {
			isa = PBXContainerItemProxy;
			containerPortal = A2AF91A92DED875D007B35D6 /* Project object */;
			proxyType = 1;
			remoteGlobalIDString = A2AF91B02DED875D007B35D6;
			remoteInfo = Justsayit;
		};
/* End PBXContainerItemProxy section */

/* Begin PBXFileReference section */
		A2AF91B12DED875D007B35D6 /* Justsayit.app */ = {isa = PBXFileReference; explicitFileType = wrapper.application; includeInIndex = 0; path = Justsayit.app; sourceTree = BUILT_PRODUCTS_DIR; };
		A2AF91C42DED8762007B35D6 /* Tests.xctest */ = {isa = PBXFileReference; explicitFileType = wrapper.cfbundle; includeInIndex = 0; path = Tests.xctest; sourceTree = BUILT_PRODUCTS_DIR; };
		A2AF91CE2DED8762007B35D6 /* UITests.xctest */ = {isa = PBXFileReference; explicitFileType = wrapper.cfbundle; includeInIndex = 0; path = UITests.xctest; sourceTree = BUILT_PRODUCTS_DIR; };
/* End PBXFileReference section */

/* Begin PBXFileSystemSynchronizedBuildFileExceptionSet section */
		A2AF91EB2DED8986007B35D6 /* Exceptions for "Config" folder in "App" target */ = {
			isa = PBXFileSystemSynchronizedBuildFileExceptionSet;
			membershipExceptions = (
				base.xcconfig,
				debug.xcconfig,
				release.xcconfig,
			);
			target = A2AF91B02DED875D007B35D6 /* App */;
		};
		A2AF92012DED903D007B35D6 /* Exceptions for "Resources" folder in "App" target */ = {
			isa = PBXFileSystemSynchronizedBuildFileExceptionSet;
			membershipExceptions = (
				Info.plist,
			);
			target = A2AF91B02DED875D007B35D6 /* App */;
		};
/* End PBXFileSystemSynchronizedBuildFileExceptionSet section */

/* Begin PBXFileSystemSynchronizedRootGroup section */
		A2AF91B32DED875D007B35D6 /* App */ = {
			isa = PBXFileSystemSynchronizedRootGroup;
			path = App;
			sourceTree = "<group>";
		};
		A2AF91C72DED8762007B35D6 /* Tests */ = {
			isa = PBXFileSystemSynchronizedRootGroup;
			path = Tests;
			sourceTree = "<group>";
		};
		A2AF91D12DED8762007B35D6 /* UITests */ = {
			isa = PBXFileSystemSynchronizedRootGroup;
			path = UITests;
			sourceTree = "<group>";
		};
		A2AF91E52DED882B007B35D6 /* Resources */ = {
			isa = PBXFileSystemSynchronizedRootGroup;
			exceptions = (
				A2AF92012DED903D007B35D6 /* Exceptions for "Resources" folder in "App" target */,
			);
			path = Resources;
			sourceTree = "<group>";
		};
		A2AF91E92DED8974007B35D6 /* Config */ = {
			isa = PBXFileSystemSynchronizedRootGroup;
			exceptions = (
				A2AF91EB2DED8986007B35D6 /* Exceptions for "Config" folder in "App" target */,
			);
			path = Config;
			sourceTree = "<group>";
		};
/* End PBXFileSystemSynchronizedRootGroup section */

/* Begin PBXFrameworksBuildPhase section */
		A2AF91AE2DED875D007B35D6 /* Frameworks */ = {
			isa = PBXFrameworksBuildPhase;
			buildActionMask = 2147483647;
			files = (
				A2AF92042DED908C007B35D6 /* OpenAI in Frameworks */,
				A2AF92072DED90AD007B35D6 /* Sparkle in Frameworks */,
				A2AE4ED02DEF6B4700BAE728 /* KeyboardShortcuts in Frameworks */,
			);
			runOnlyForDeploymentPostprocessing = 0;
		};
		A2AF91C12DED8762007B35D6 /* Frameworks */ = {
			isa = PBXFrameworksBuildPhase;
			buildActionMask = 2147483647;
			files = (
			);
			runOnlyForDeploymentPostprocessing = 0;
		};
		A2AF91CB2DED8762007B35D6 /* Frameworks */ = {
			isa = PBXFrameworksBuildPhase;
			buildActionMask = 2147483647;
			files = (
			);
			runOnlyForDeploymentPostprocessing = 0;
		};
/* End PBXFrameworksBuildPhase section */

/* Begin PBXGroup section */
		A2AF91A82DED875D007B35D6 = {
			isa = PBXGroup;
			children = (
				A2AF91E92DED8974007B35D6 /* Config */,
				A2AF91B32DED875D007B35D6 /* App */,
				A2AF91C72DED8762007B35D6 /* Tests */,
				A2AF91D12DED8762007B35D6 /* UITests */,
				A2AF91B22DED875D007B35D6 /* Products */,
				A2AF91E52DED882B007B35D6 /* Resources */,
			);
			sourceTree = "<group>";
		};
		A2AF91B22DED875D007B35D6 /* Products */ = {
			isa = PBXGroup;
			children = (
				A2AF91B12DED875D007B35D6 /* Justsayit.app */,
				A2AF91C42DED8762007B35D6 /* Tests.xctest */,
				A2AF91CE2DED8762007B35D6 /* UITests.xctest */,
			);
			name = Products;
			sourceTree = "<group>";
		};
/* End PBXGroup section */

/* Begin PBXNativeTarget section */
		A2AF91B02DED875D007B35D6 /* App */ = {
			isa = PBXNativeTarget;
			buildConfigurationList = A2AF91D82DED8762007B35D6 /* Build configuration list for PBXNativeTarget "App" */;
			buildPhases = (
				A2AF91AD2DED875D007B35D6 /* Sources */,
				A2AF91AE2DED875D007B35D6 /* Frameworks */,
				A2AF91AF2DED875D007B35D6 /* Resources */,
			);
			buildRules = (
			);
			dependencies = (
			);
			fileSystemSynchronizedGroups = (
				A2AF91B32DED875D007B35D6 /* App */,
				A2AF91E52DED882B007B35D6 /* Resources */,
				A2AF91E92DED8974007B35D6 /* Config */,
			);
			name = App;
			packageProductDependencies = (
				A2AF92032DED908C007B35D6 /* OpenAI */,
				A2AF92062DED90AD007B35D6 /* Sparkle */,
				A2AE4ECF2DEF6B4700BAE728 /* KeyboardShortcuts */,
			);
			productName = Justsayit;
			productReference = A2AF91B12DED875D007B35D6 /* Justsayit.app */;
			productType = "com.apple.product-type.application";
		};
		A2AF91C32DED8762007B35D6 /* Tests */ = {
			isa = PBXNativeTarget;
			buildConfigurationList = A2AF91DB2DED8762007B35D6 /* Build configuration list for PBXNativeTarget "Tests" */;
			buildPhases = (
				A2AF91C02DED8762007B35D6 /* Sources */,
				A2AF91C12DED8762007B35D6 /* Frameworks */,
				A2AF91C22DED8762007B35D6 /* Resources */,
			);
			buildRules = (
			);
			dependencies = (
				A2AF91C62DED8762007B35D6 /* PBXTargetDependency */,
			);
			fileSystemSynchronizedGroups = (
				A2AF91C72DED8762007B35D6 /* Tests */,
			);
			name = Tests;
			packageProductDependencies = (
			);
			productName = JustsayitTests;
			productReference = A2AF91C42DED8762007B35D6 /* Tests.xctest */;
			productType = "com.apple.product-type.bundle.unit-test";
		};
		A2AF91CD2DED8762007B35D6 /* UITests */ = {
			isa = PBXNativeTarget;
			buildConfigurationList = A2AF91DE2DED8762007B35D6 /* Build configuration list for PBXNativeTarget "UITests" */;
			buildPhases = (
				A2AF91CA2DED8762007B35D6 /* Sources */,
				A2AF91CB2DED8762007B35D6 /* Frameworks */,
				A2AF91CC2DED8762007B35D6 /* Resources */,
			);
			buildRules = (
			);
			dependencies = (
				A2AF91D02DED8762007B35D6 /* PBXTargetDependency */,
			);
			fileSystemSynchronizedGroups = (
				A2AF91D12DED8762007B35D6 /* UITests */,
			);
			name = UITests;
			packageProductDependencies = (
			);
			productName = JustsayitUITests;
			productReference = A2AF91CE2DED8762007B35D6 /* UITests.xctest */;
			productType = "com.apple.product-type.bundle.ui-testing";
		};
/* End PBXNativeTarget section */

/* Begin PBXProject section */
		A2AF91A92DED875D007B35D6 /* Project object */ = {
			isa = PBXProject;
			attributes = {
				BuildIndependentTargetsInParallel = 1;
				LastSwiftUpdateCheck = 1620;
				LastUpgradeCheck = 1620;
				TargetAttributes = {
					A2AF91B02DED875D007B35D6 = {
						CreatedOnToolsVersion = 16.2;
					};
					A2AF91C32DED8762007B35D6 = {
						CreatedOnToolsVersion = 16.2;
						TestTargetID = A2AF91B02DED875D007B35D6;
					};
					A2AF91CD2DED8762007B35D6 = {
						CreatedOnToolsVersion = 16.2;
						TestTargetID = A2AF91B02DED875D007B35D6;
					};
				};
			};
			buildConfigurationList = A2AF91AC2DED875D007B35D6 /* Build configuration list for PBXProject "Justsayit" */;
			developmentRegion = en;
			hasScannedForEncodings = 0;
			knownRegions = (
				en,
				Base,
			);
			mainGroup = A2AF91A82DED875D007B35D6;
			minimizedProjectReferenceProxies = 1;
			packageReferences = (
				A2AF92022DED908C007B35D6 /* XCRemoteSwiftPackageReference "OpenAI" */,
				A2AF92052DED90AD007B35D6 /* XCRemoteSwiftPackageReference "Sparkle" */,
				A2AE4ECE2DEF6B4700BAE728 /* XCRemoteSwiftPackageReference "KeyboardShortcuts" */,
			);
			preferredProjectObjectVersion = 77;
			productRefGroup = A2AF91B22DED875D007B35D6 /* Products */;
			projectDirPath = "";
			projectRoot = "";
			targets = (
				A2AF91B02DED875D007B35D6 /* App */,
				A2AF91C32DED8762007B35D6 /* Tests */,
				A2AF91CD2DED8762007B35D6 /* UITests */,
			);
		};
/* End PBXProject section */

/* Begin PBXResourcesBuildPhase section */
		A2AF91AF2DED875D007B35D6 /* Resources */ = {
			isa = PBXResourcesBuildPhase;
			buildActionMask = 2147483647;
			files = (
			);
			runOnlyForDeploymentPostprocessing = 0;
		};
		A2AF91C22DED8762007B35D6 /* Resources */ = {
			isa = PBXResourcesBuildPhase;
			buildActionMask = 2147483647;
			files = (
			);
			runOnlyForDeploymentPostprocessing = 0;
		};
		A2AF91CC2DED8762007B35D6 /* Resources */ = {
			isa = PBXResourcesBuildPhase;
			buildActionMask = 2147483647;
			files = (
			);
			runOnlyForDeploymentPostprocessing = 0;
		};
/* End PBXResourcesBuildPhase section */

/* Begin PBXSourcesBuildPhase section */
		A2AF91AD2DED875D007B35D6 /* Sources */ = {
			isa = PBXSourcesBuildPhase;
			buildActionMask = 2147483647;
			files = (
			);
			runOnlyForDeploymentPostprocessing = 0;
		};
		A2AF91C02DED8762007B35D6 /* Sources */ = {
			isa = PBXSourcesBuildPhase;
			buildActionMask = 2147483647;
			files = (
			);
			runOnlyForDeploymentPostprocessing = 0;
		};
		A2AF91CA2DED8762007B35D6 /* Sources */ = {
			isa = PBXSourcesBuildPhase;
			buildActionMask = 2147483647;
			files = (
			);
			runOnlyForDeploymentPostprocessing = 0;
		};
/* End PBXSourcesBuildPhase section */

/* Begin PBXTargetDependency section */
		A2AF91C62DED8762007B35D6 /* PBXTargetDependency */ = {
			isa = PBXTargetDependency;
			target = A2AF91B02DED875D007B35D6 /* App */;
			targetProxy = A2AF91C52DED8762007B35D6 /* PBXContainerItemProxy */;
		};
		A2AF91D02DED8762007B35D6 /* PBXTargetDependency */ = {
			isa = PBXTargetDependency;
			target = A2AF91B02DED875D007B35D6 /* App */;
			targetProxy = A2AF91CF2DED8762007B35D6 /* PBXContainerItemProxy */;
		};
/* End PBXTargetDependency section */

/* Begin XCBuildConfiguration section */
		A2AF91D62DED8762007B35D6 /* Debug */ = {
			isa = XCBuildConfiguration;
			baseConfigurationReferenceAnchor = A2AF91E92DED8974007B35D6 /* Config */;
			baseConfigurationReferenceRelativePath = debug.xcconfig;
			buildSettings = {
				ALWAYS_SEARCH_USER_PATHS = NO;
				ASSETCATALOG_COMPILER_GENERATE_SWIFT_ASSET_SYMBOL_EXTENSIONS = YES;
				CLANG_ANALYZER_NONNULL = YES;
				CLANG_ANALYZER_NUMBER_OBJECT_CONVERSION = YES_AGGRESSIVE;
				CLANG_CXX_LANGUAGE_STANDARD = "gnu++20";
				CLANG_ENABLE_MODULES = YES;
				CLANG_ENABLE_OBJC_ARC = YES;
				CLANG_ENABLE_OBJC_WEAK = YES;
				CLANG_WARN_BLOCK_CAPTURE_AUTORELEASING = YES;
				CLANG_WARN_BOOL_CONVERSION = YES;
				CLANG_WARN_COMMA = YES;
				CLANG_WARN_CONSTANT_CONVERSION = YES;
				CLANG_WARN_DEPRECATED_OBJC_IMPLEMENTATIONS = YES;
				CLANG_WARN_DIRECT_OBJC_ISA_USAGE = YES_ERROR;
				CLANG_WARN_DOCUMENTATION_COMMENTS = YES;
				CLANG_WARN_EMPTY_BODY = YES;
				CLANG_WARN_ENUM_CONVERSION = YES;
				CLANG_WARN_INFINITE_RECURSION = YES;
				CLANG_WARN_INT_CONVERSION = YES;
				CLANG_WARN_NON_LITERAL_NULL_CONVERSION = YES;
				CLANG_WARN_OBJC_IMPLICIT_RETAIN_SELF = YES;
				CLANG_WARN_OBJC_LITERAL_CONVERSION = YES;
				CLANG_WARN_OBJC_ROOT_CLASS = YES_ERROR;
				CLANG_WARN_QUOTED_INCLUDE_IN_FRAMEWORK_HEADER = YES;
				CLANG_WARN_RANGE_LOOP_ANALYSIS = YES;
				CLANG_WARN_STRICT_PROTOTYPES = YES;
				CLANG_WARN_SUSPICIOUS_MOVE = YES;
				CLANG_WARN_UNGUARDED_AVAILABILITY = YES_AGGRESSIVE;
				CLANG_WARN_UNREACHABLE_CODE = YES;
				CLANG_WARN__DUPLICATE_METHOD_MATCH = YES;
				COPY_PHASE_STRIP = NO;
				DEBUG_INFORMATION_FORMAT = dwarf;
				ENABLE_STRICT_OBJC_MSGSEND = YES;
				ENABLE_TESTABILITY = YES;
				ENABLE_USER_SCRIPT_SANDBOXING = YES;
				GCC_C_LANGUAGE_STANDARD = gnu17;
				GCC_DYNAMIC_NO_PIC = NO;
				GCC_NO_COMMON_BLOCKS = YES;
				GCC_OPTIMIZATION_LEVEL = 0;
				GCC_PREPROCESSOR_DEFINITIONS = (
					"DEBUG=1",
					"$(inherited)",
				);
				GCC_WARN_64_TO_32_BIT_CONVERSION = YES;
				GCC_WARN_ABOUT_RETURN_TYPE = YES_ERROR;
				GCC_WARN_UNDECLARED_SELECTOR = YES;
				GCC_WARN_UNINITIALIZED_AUTOS = YES_AGGRESSIVE;
				GCC_WARN_UNUSED_FUNCTION = YES;
				GCC_WARN_UNUSED_VARIABLE = YES;
				LOCALIZATION_PREFERS_STRING_CATALOGS = YES;
				MACOSX_DEPLOYMENT_TARGET = 15.1;
				MTL_ENABLE_DEBUG_INFO = INCLUDE_SOURCE;
				MTL_FAST_MATH = YES;
				ONLY_ACTIVE_ARCH = YES;
				SDKROOT = macosx;
				SWIFT_ACTIVE_COMPILATION_CONDITIONS = "DEBUG $(inherited)";
				SWIFT_OPTIMIZATION_LEVEL = "-Onone";
			};
			name = Debug;
		};
		A2AF91D72DED8762007B35D6 /* Release */ = {
			isa = XCBuildConfiguration;
			baseConfigurationReferenceAnchor = A2AF91E92DED8974007B35D6 /* Config */;
			baseConfigurationReferenceRelativePath = release.xcconfig;
			buildSettings = {
				ALWAYS_SEARCH_USER_PATHS = NO;
				ASSETCATALOG_COMPILER_GENERATE_SWIFT_ASSET_SYMBOL_EXTENSIONS = YES;
				CLANG_ANALYZER_NONNULL = YES;
				CLANG_ANALYZER_NUMBER_OBJECT_CONVERSION = YES_AGGRESSIVE;
				CLANG_CXX_LANGUAGE_STANDARD = "gnu++20";
				CLANG_ENABLE_MODULES = YES;
				CLANG_ENABLE_OBJC_ARC = YES;
				CLANG_ENABLE_OBJC_WEAK = YES;
				CLANG_WARN_BLOCK_CAPTURE_AUTORELEASING = YES;
				CLANG_WARN_BOOL_CONVERSION = YES;
				CLANG_WARN_COMMA = YES;
				CLANG_WARN_CONSTANT_CONVERSION = YES;
				CLANG_WARN_DEPRECATED_OBJC_IMPLEMENTATIONS = YES;
				CLANG_WARN_DIRECT_OBJC_ISA_USAGE = YES_ERROR;
				CLANG_WARN_DOCUMENTATION_COMMENTS = YES;
				CLANG_WARN_EMPTY_BODY = YES;
				CLANG_WARN_ENUM_CONVERSION = YES;
				CLANG_WARN_INFINITE_RECURSION = YES;
				CLANG_WARN_INT_CONVERSION = YES;
				CLANG_WARN_NON_LITERAL_NULL_CONVERSION = YES;
				CLANG_WARN_OBJC_IMPLICIT_RETAIN_SELF = YES;
				CLANG_WARN_OBJC_LITERAL_CONVERSION = YES;
				CLANG_WARN_OBJC_ROOT_CLASS = YES_ERROR;
				CLANG_WARN_QUOTED_INCLUDE_IN_FRAMEWORK_HEADER = YES;
				CLANG_WARN_RANGE_LOOP_ANALYSIS = YES;
				CLANG_WARN_STRICT_PROTOTYPES = YES;
				CLANG_WARN_SUSPICIOUS_MOVE = YES;
				CLANG_WARN_UNGUARDED_AVAILABILITY = YES_AGGRESSIVE;
				CLANG_WARN_UNREACHABLE_CODE = YES;
				CLANG_WARN__DUPLICATE_METHOD_MATCH = YES;
				COPY_PHASE_STRIP = NO;
				DEBUG_INFORMATION_FORMAT = "dwarf-with-dsym";
				ENABLE_NS_ASSERTIONS = NO;
				ENABLE_STRICT_OBJC_MSGSEND = YES;
				ENABLE_USER_SCRIPT_SANDBOXING = YES;
				GCC_C_LANGUAGE_STANDARD = gnu17;
				GCC_NO_COMMON_BLOCKS = YES;
				GCC_WARN_64_TO_32_BIT_CONVERSION = YES;
				GCC_WARN_ABOUT_RETURN_TYPE = YES_ERROR;
				GCC_WARN_UNDECLARED_SELECTOR = YES;
				GCC_WARN_UNINITIALIZED_AUTOS = YES_AGGRESSIVE;
				GCC_WARN_UNUSED_FUNCTION = YES;
				GCC_WARN_UNUSED_VARIABLE = YES;
				LOCALIZATION_PREFERS_STRING_CATALOGS = YES;
				MACOSX_DEPLOYMENT_TARGET = 15.1;
				MTL_ENABLE_DEBUG_INFO = NO;
				MTL_FAST_MATH = YES;
				SDKROOT = macosx;
				SWIFT_COMPILATION_MODE = wholemodule;
			};
			name = Release;
		};
		A2AF91D92DED8762007B35D6 /* Debug */ = {
			isa = XCBuildConfiguration;
			buildSettings = {
				ASSETCATALOG_COMPILER_APPICON_NAME = AppIcon;
				ASSETCATALOG_COMPILER_GLOBAL_ACCENT_COLOR_NAME = AccentColor;
				CODE_SIGN_ENTITLEMENTS = Resources/Justsayit.entitlements;
				CODE_SIGN_IDENTITY = "Apple Development";
				CODE_SIGN_STYLE = Manual;
				COMBINE_HIDPI_IMAGES = YES;
				CURRENT_PROJECT_VERSION = 1;
				DEVELOPMENT_ASSET_PATHS = "\"Resources/Preview Content\"";
				DEVELOPMENT_TEAM = "";
				"DEVELOPMENT_TEAM[sdk=macosx*]" = 8N24XF84J5;
				ENABLE_HARDENED_RUNTIME = YES;
				ENABLE_PREVIEWS = YES;
				GENERATE_INFOPLIST_FILE = YES;
				INFOPLIST_KEY_NSAppleEventsUsageDescription = "This app needs to control System Events to paste text.";
				INFOPLIST_KEY_NSHumanReadableCopyright = "";
				INFOPLIST_KEY_NSMicrophoneUsageDescription = "This app needs access to your microphone to record audio.";
				LD_RUNPATH_SEARCH_PATHS = (
					"$(inherited)",
					"@executable_path/../Frameworks",
				);
				MACOSX_DEPLOYMENT_TARGET = 15.0;
				MARKETING_VERSION = 1.0;
				PRODUCT_BUNDLE_IDENTIFIER = com.macieksitkowski.Justsayit;
				PRODUCT_NAME = Justsayit;
				PROVISIONING_PROFILE_SPECIFIER = "";
				SWIFT_EMIT_LOC_STRINGS = YES;
				SWIFT_VERSION = 6.0;
			};
			name = Debug;
		};
		A2AF91DA2DED8762007B35D6 /* Release */ = {
			isa = XCBuildConfiguration;
			buildSettings = {
				ASSETCATALOG_COMPILER_APPICON_NAME = AppIcon;
				ASSETCATALOG_COMPILER_GLOBAL_ACCENT_COLOR_NAME = AccentColor;
				CODE_SIGN_ENTITLEMENTS = Resources/Justsayit.entitlements;
				CODE_SIGN_STYLE = Manual;
				COMBINE_HIDPI_IMAGES = YES;
				CURRENT_PROJECT_VERSION = 1;
				DEVELOPMENT_ASSET_PATHS = "\"Resources/Preview Content\"";
				DEVELOPMENT_TEAM = "";
				"DEVELOPMENT_TEAM[sdk=macosx*]" = 8N24XF84J5;
				ENABLE_HARDENED_RUNTIME = YES;
				ENABLE_PREVIEWS = YES;
				GENERATE_INFOPLIST_FILE = YES;
				INFOPLIST_KEY_NSAppleEventsUsageDescription = "This app needs to control System Events to paste text.";
				INFOPLIST_KEY_NSHumanReadableCopyright = "";
				INFOPLIST_KEY_NSMicrophoneUsageDescription = "This app needs access to your microphone to record audio.";
				LD_RUNPATH_SEARCH_PATHS = (
					"$(inherited)",
					"@executable_path/../Frameworks",
				);
				MACOSX_DEPLOYMENT_TARGET = 15.0;
				MARKETING_VERSION = 1.0;
				PRODUCT_BUNDLE_IDENTIFIER = com.macieksitkowski.Justsayit;
				PRODUCT_NAME = Justsayit;
				PROVISIONING_PROFILE_SPECIFIER = "";
				SWIFT_EMIT_LOC_STRINGS = YES;
				SWIFT_VERSION = 6.0;
			};
			name = Release;
		};
		A2AF91DC2DED8762007B35D6 /* Debug */ = {
			isa = XCBuildConfiguration;
			buildSettings = {
				BUNDLE_LOADER = "$(TEST_HOST)";
				CODE_SIGN_STYLE = Manual;
				CURRENT_PROJECT_VERSION = 1;
				DEVELOPMENT_TEAM = "";
				"DEVELOPMENT_TEAM[sdk=macosx*]" = 8N24XF84J5;
				GENERATE_INFOPLIST_FILE = YES;
				MACOSX_DEPLOYMENT_TARGET = 14.0;
				MARKETING_VERSION = 1.0;
				PRODUCT_BUNDLE_IDENTIFIER = com.macieksitkowski.JustsayitTests;
				PRODUCT_NAME = "$(TARGET_NAME)";
				PROVISIONING_PROFILE_SPECIFIER = "";
				SWIFT_EMIT_LOC_STRINGS = NO;
				SWIFT_VERSION = 5.0;
				TEST_HOST = "$(BUILT_PRODUCTS_DIR)/Justsayit.app/$(BUNDLE_EXECUTABLE_FOLDER_PATH)/Justsayit";
			};
			name = Debug;
		};
		A2AF91DD2DED8762007B35D6 /* Release */ = {
			isa = XCBuildConfiguration;
			buildSettings = {
				BUNDLE_LOADER = "$(TEST_HOST)";
				"CODE_SIGN_IDENTITY[sdk=macosx*]" = "Apple Development";
				CODE_SIGN_STYLE = Manual;
				CURRENT_PROJECT_VERSION = 1;
				DEVELOPMENT_TEAM = "";
				"DEVELOPMENT_TEAM[sdk=macosx*]" = 8N24XF84J5;
				GENERATE_INFOPLIST_FILE = YES;
				MACOSX_DEPLOYMENT_TARGET = 14.0;
				MARKETING_VERSION = 1.0;
				PRODUCT_BUNDLE_IDENTIFIER = com.macieksitkowski.JustsayitTests;
				PRODUCT_NAME = "$(TARGET_NAME)";
				PROVISIONING_PROFILE_SPECIFIER = "";
				SWIFT_EMIT_LOC_STRINGS = NO;
				SWIFT_VERSION = 5.0;
				TEST_HOST = "$(BUILT_PRODUCTS_DIR)/Justsayit.app/$(BUNDLE_EXECUTABLE_FOLDER_PATH)/Justsayit";
			};
			name = Release;
		};
		A2AF91DF2DED8762007B35D6 /* Debug */ = {
			isa = XCBuildConfiguration;
			buildSettings = {
				CODE_SIGN_STYLE = Manual;
				CURRENT_PROJECT_VERSION = 1;
				DEVELOPMENT_TEAM = "";
				"DEVELOPMENT_TEAM[sdk=macosx*]" = 8N24XF84J5;
				GENERATE_INFOPLIST_FILE = YES;
				MARKETING_VERSION = 1.0;
				PRODUCT_BUNDLE_IDENTIFIER = com.macieksitkowski.JustsayitUITests;
				PRODUCT_NAME = "$(TARGET_NAME)";
				PROVISIONING_PROFILE_SPECIFIER = "";
				SWIFT_EMIT_LOC_STRINGS = NO;
				SWIFT_VERSION = 5.0;
				TEST_TARGET_NAME = Justsayit;
			};
			name = Debug;
		};
		A2AF91E02DED8762007B35D6 /* Release */ = {
			isa = XCBuildConfiguration;
			buildSettings = {
				"CODE_SIGN_IDENTITY[sdk=macosx*]" = "Apple Development";
				CODE_SIGN_STYLE = Manual;
				CURRENT_PROJECT_VERSION = 1;
				DEVELOPMENT_TEAM = "";
				"DEVELOPMENT_TEAM[sdk=macosx*]" = 8N24XF84J5;
				GENERATE_INFOPLIST_FILE = YES;
				MARKETING_VERSION = 1.0;
				PRODUCT_BUNDLE_IDENTIFIER = com.macieksitkowski.JustsayitUITests;
				PRODUCT_NAME = "$(TARGET_NAME)";
				PROVISIONING_PROFILE_SPECIFIER = "";
				SWIFT_EMIT_LOC_STRINGS = NO;
				SWIFT_VERSION = 5.0;
				TEST_TARGET_NAME = Justsayit;
			};
			name = Release;
		};
/* End XCBuildConfiguration section */

/* Begin XCConfigurationList section */
		A2AF91AC2DED875D007B35D6 /* Build configuration list for PBXProject "Justsayit" */ = {
			isa = XCConfigurationList;
			buildConfigurations = (
				A2AF91D62DED8762007B35D6 /* Debug */,
				A2AF91D72DED8762007B35D6 /* Release */,
			);
			defaultConfigurationIsVisible = 0;
			defaultConfigurationName = Release;
		};
		A2AF91D82DED8762007B35D6 /* Build configuration list for PBXNativeTarget "App" */ = {
			isa = XCConfigurationList;
			buildConfigurations = (
				A2AF91D92DED8762007B35D6 /* Debug */,
				A2AF91DA2DED8762007B35D6 /* Release */,
			);
			defaultConfigurationIsVisible = 0;
			defaultConfigurationName = Release;
		};
		A2AF91DB2DED8762007B35D6 /* Build configuration list for PBXNativeTarget "Tests" */ = {
			isa = XCConfigurationList;
			buildConfigurations = (
				A2AF91DC2DED8762007B35D6 /* Debug */,
				A2AF91DD2DED8762007B35D6 /* Release */,
			);
			defaultConfigurationIsVisible = 0;
			defaultConfigurationName = Release;
		};
		A2AF91DE2DED8762007B35D6 /* Build configuration list for PBXNativeTarget "UITests" */ = {
			isa = XCConfigurationList;
			buildConfigurations = (
				A2AF91DF2DED8762007B35D6 /* Debug */,
				A2AF91E02DED8762007B35D6 /* Release */,
			);
			defaultConfigurationIsVisible = 0;
			defaultConfigurationName = Release;
		};
/* End XCConfigurationList section */

/* Begin XCRemoteSwiftPackageReference section */
		A2AE4ECE2DEF6B4700BAE728 /* XCRemoteSwiftPackageReference "KeyboardShortcuts" */ = {
			isa = XCRemoteSwiftPackageReference;
			repositoryURL = "https://github.com/sindresorhus/KeyboardShortcuts";
			requirement = {
				kind = upToNextMajorVersion;
				minimumVersion = 2.3.0;
			};
		};
		A2AF92022DED908C007B35D6 /* XCRemoteSwiftPackageReference "OpenAI" */ = {
			isa = XCRemoteSwiftPackageReference;
			repositoryURL = "https://github.com/MacPaw/OpenAI.git";
			requirement = {
				kind = upToNextMajorVersion;
				minimumVersion = 0.4.3;
			};
		};
		A2AF92052DED90AD007B35D6 /* XCRemoteSwiftPackageReference "Sparkle" */ = {
			isa = XCRemoteSwiftPackageReference;
			repositoryURL = "https://github.com/sparkle-project/Sparkle";
			requirement = {
				kind = upToNextMajorVersion;
				minimumVersion = 2.7.0;
			};
		};
/* End XCRemoteSwiftPackageReference section */

/* Begin XCSwiftPackageProductDependency section */
		A2AE4ECF2DEF6B4700BAE728 /* KeyboardShortcuts */ = {
			isa = XCSwiftPackageProductDependency;
			package = A2AE4ECE2DEF6B4700BAE728 /* XCRemoteSwiftPackageReference "KeyboardShortcuts" */;
			productName = KeyboardShortcuts;
		};
		A2AF92032DED908C007B35D6 /* OpenAI */ = {
			isa = XCSwiftPackageProductDependency;
			package = A2AF92022DED908C007B35D6 /* XCRemoteSwiftPackageReference "OpenAI" */;
			productName = OpenAI;
		};
		A2AF92062DED90AD007B35D6 /* Sparkle */ = {
			isa = XCSwiftPackageProductDependency;
			package = A2AF92052DED90AD007B35D6 /* XCRemoteSwiftPackageReference "Sparkle" */;
			productName = Sparkle;
		};
/* End XCSwiftPackageProductDependency section */
	};
	rootObject = A2AF91A92DED875D007B35D6 /* Project object */;
}
